
Microsoft Visual Studio Solution File, Format Version 12.00
# Visual Studio Version 17
VisualStudioVersion = 17.2.32505.173
MinimumVisualStudioVersion = 10.0.40219.1
Project("{9A19103F-16F7-4668-BE54-9A1E7A4F7556}") = "AWS.Extensions.IntegrationTests", "test\AWS.Extensions.IntegrationTests\AWS.Extensions.IntegrationTests.csproj", "{D053D8C9-CAC8-4C1C-A72B-D6ED930878C9}"
EndProject
Project("{9A19103F-16F7-4668-BE54-9A1E7A4F7556}") = "AWS.CoreWCF.Extensions", "src\AWS.CoreWCF.Extensions\AWS.CoreWCF.Extensions.csproj", "{EC50B358-D8FC-45F9-9AAD-A87C4EF76A5A}"
EndProject
Project("{9A19103F-16F7-4668-BE54-9A1E7A4F7556}") = "AWS.WCF.Extensions", "src\AWS.WCF.Extensions\AWS.WCF.Extensions.csproj", "{16E6CB53-2515-4B8C-9134-49AF1F96346E}"
EndProject
Project("{9A19103F-16F7-4668-BE54-9A1E7A4F7556}") = "AWS.CoreWCF.Extensions.Tests", "test\AWS.CoreWCF.Extensions.Tests\AWS.CoreWCF.Extensions.Tests.csproj", "{6C31941A-4A56-4576-AB11-A8668F895B2A}"
EndProject
Project("{2150E333-8FDC-42A3-9474-1A3956D46DE8}") = "src", "src", "{8D2100CE-759F-453D-BF00-3F13D1617815}"
EndProject
Project("{2150E333-8FDC-42A3-9474-1A3956D46DE8}") = "test", "test", "{062B3019-D5DA-44F6-A231-25B24B274E26}"
EndProject
Project("{2150E333-8FDC-42A3-9474-1A3956D46DE8}") = "cdk", "cdk", "{D0C9E9E8-51D5-482A-96F6-D15713E84341}"
	ProjectSection(SolutionItems) = preProject
		cdk.json = cdk.json
	EndProjectSection
EndProject
Project("{9A19103F-16F7-4668-BE54-9A1E7A4F7556}") = "AWS.CoreWCF.ServerExtensions.Cdk", "cdk\AWS.CoreWCF.ServerExtensions.Cdk.csproj", "{C9A4AA3C-821A-492B-82B8-28A4FE1F9C22}"
EndProject
Project("{2150E333-8FDC-42A3-9474-1A3956D46DE8}") = "Solution Items", "Solution Items", "{051AF7E5-D73B-466A-9FFE-9CA16DCBBEC3}"
	ProjectSection(SolutionItems) = preProject
		.gitlab-ci.yml = .gitlab-ci.yml
		cdk.json = cdk.json
		Directory.Build.props = Directory.Build.props
		nuspec.props = nuspec.props
		version.json = version.json
	EndProjectSection
EndProject
Project("{9A19103F-16F7-4668-BE54-9A1E7A4F7556}") = "AWS.WCF.Extensions.Tests", "test\AWS.WCF.Extensions.Tests\AWS.WCF.Extensions.Tests.csproj", "{660C7969-3A44-4B56-BE44-FF7DBFC8293A}"
EndProject
Project("{2150E333-8FDC-42A3-9474-1A3956D46DE8}") = ".github", ".github", "{15CDEEE0-D30A-4649-B9B1-C1070032014F}"
EndProject
Project("{2150E333-8FDC-42A3-9474-1A3956D46DE8}") = "workflows", "workflows", "{BB19A1B8-6057-4D27-89A6-8998DD19AA1C}"
	ProjectSection(SolutionItems) = preProject
		.github\workflows\build-and-deploy.yml = .github\workflows\build-and-deploy.yml
		.github\workflows\canary.yml = .github\workflows\canary.yml
		.github\workflows\secret-detection.yml = .github\workflows\secret-detection.yml
	EndProjectSection
EndProject
Project("{9A19103F-16F7-4668-BE54-9A1E7A4F7556}") = "AWS.Extensions.PerformanceTests", "test\AWS.Extensions.PerformanceTests\AWS.Extensions.PerformanceTests.csproj", "{22EF5AE1-4994-4A1E-8734-3A848881879E}"
EndProject
Project("{9A19103F-16F7-4668-BE54-9A1E7A4F7556}") = "CodeSigningHelper", "src\CodeSigningHelper\CodeSigningHelper.csproj", "{7859F3D8-1573-463F-8A6E-3DB14896A1A7}"
EndProject
Global
	GlobalSection(SolutionConfigurationPlatforms) = preSolution
		Debug|Any CPU = Debug|Any CPU
		Release|Any CPU = Release|Any CPU
	EndGlobalSection
	GlobalSection(ProjectConfigurationPlatforms) = postSolution
		{D053D8C9-CAC8-4C1C-A72B-D6ED930878C9}.Debug|Any CPU.ActiveCfg = Debug|Any CPU
		{D053D8C9-CAC8-4C1C-A72B-D6ED930878C9}.Debug|Any CPU.Build.0 = Debug|Any CPU
		{D053D8C9-CAC8-4C1C-A72B-D6ED930878C9}.Release|Any CPU.ActiveCfg = Release|Any CPU
		{D053D8C9-CAC8-4C1C-A72B-D6ED930878C9}.Release|Any CPU.Build.0 = Release|Any CPU
		{EC50B358-D8FC-45F9-9AAD-A87C4EF76A5A}.Debug|Any CPU.ActiveCfg = Debug|Any CPU
		{EC50B358-D8FC-45F9-9AAD-A87C4EF76A5A}.Debug|Any CPU.Build.0 = Debug|Any CPU
		{EC50B358-D8FC-45F9-9AAD-A87C4EF76A5A}.Release|Any CPU.ActiveCfg = Release|Any CPU
		{EC50B358-D8FC-45F9-9AAD-A87C4EF76A5A}.Release|Any CPU.Build.0 = Release|Any CPU
		{16E6CB53-2515-4B8C-9134-49AF1F96346E}.Debug|Any CPU.ActiveCfg = Debug|Any CPU
		{16E6CB53-2515-4B8C-9134-49AF1F96346E}.Debug|Any CPU.Build.0 = Debug|Any CPU
		{16E6CB53-2515-4B8C-9134-49AF1F96346E}.Release|Any CPU.ActiveCfg = Release|Any CPU
		{16E6CB53-2515-4B8C-9134-49AF1F96346E}.Release|Any CPU.Build.0 = Release|Any CPU
		{6C31941A-4A56-4576-AB11-A8668F895B2A}.Debug|Any CPU.ActiveCfg = Debug|Any CPU
		{6C31941A-4A56-4576-AB11-A8668F895B2A}.Debug|Any CPU.Build.0 = Debug|Any CPU
		{6C31941A-4A56-4576-AB11-A8668F895B2A}.Release|Any CPU.ActiveCfg = Release|Any CPU
		{6C31941A-4A56-4576-AB11-A8668F895B2A}.Release|Any CPU.Build.0 = Release|Any CPU
		{C9A4AA3C-821A-492B-82B8-28A4FE1F9C22}.Debug|Any CPU.ActiveCfg = Debug|Any CPU
		{C9A4AA3C-821A-492B-82B8-28A4FE1F9C22}.Debug|Any CPU.Build.0 = Debug|Any CPU
		{C9A4AA3C-821A-492B-82B8-28A4FE1F9C22}.Release|Any CPU.ActiveCfg = Release|Any CPU
		{C9A4AA3C-821A-492B-82B8-28A4FE1F9C22}.Release|Any CPU.Build.0 = Release|Any CPU
		{660C7969-3A44-4B56-BE44-FF7DBFC8293A}.Debug|Any CPU.ActiveCfg = Debug|Any CPU
		{660C7969-3A44-4B56-BE44-FF7DBFC8293A}.Debug|Any CPU.Build.0 = Debug|Any CPU
		{660C7969-3A44-4B56-BE44-FF7DBFC8293A}.Release|Any CPU.ActiveCfg = Release|Any CPU
		{660C7969-3A44-4B56-BE44-FF7DBFC8293A}.Release|Any CPU.Build.0 = Release|Any CPU
		{7859F3D8-1573-463F-8A6E-3DB14896A1A7}.Debug|Any CPU.ActiveCfg = Debug|Any CPU
		{7859F3D8-1573-463F-8A6E-3DB14896A1A7}.Debug|Any CPU.Build.0 = Debug|Any CPU
		{7859F3D8-1573-463F-8A6E-3DB14896A1A7}.Release|Any CPU.ActiveCfg = Release|Any CPU
		{7859F3D8-1573-463F-8A6E-3DB14896A1A7}.Release|Any CPU.Build.0 = Release|Any CPU
		{22EF5AE1-4994-4A1E-8734-3A848881879E}.Debug|Any CPU.ActiveCfg = Debug|Any CPU
		{22EF5AE1-4994-4A1E-8734-3A848881879E}.Debug|Any CPU.Build.0 = Debug|Any CPU
		{22EF5AE1-4994-4A1E-8734-3A848881879E}.Release|Any CPU.ActiveCfg = Release|Any CPU
		{22EF5AE1-4994-4A1E-8734-3A848881879E}.Release|Any CPU.Build.0 = Release|Any CPU
	EndGlobalSection
	GlobalSection(SolutionProperties) = preSolution
		HideSolutionNode = FALSE
	EndGlobalSection
	GlobalSection(NestedProjects) = preSolution
		{D053D8C9-CAC8-4C1C-A72B-D6ED930878C9} = {062B3019-D5DA-44F6-A231-25B24B274E26}
		{EC50B358-D8FC-45F9-9AAD-A87C4EF76A5A} = {8D2100CE-759F-453D-BF00-3F13D1617815}
		{16E6CB53-2515-4B8C-9134-49AF1F96346E} = {8D2100CE-759F-453D-BF00-3F13D1617815}
		{6C31941A-4A56-4576-AB11-A8668F895B2A} = {062B3019-D5DA-44F6-A231-25B24B274E26}
		{C9A4AA3C-821A-492B-82B8-28A4FE1F9C22} = {D0C9E9E8-51D5-482A-96F6-D15713E84341}
		{660C7969-3A44-4B56-BE44-FF7DBFC8293A} = {062B3019-D5DA-44F6-A231-25B24B274E26}
		{15CDEEE0-D30A-4649-B9B1-C1070032014F} = {051AF7E5-D73B-466A-9FFE-9CA16DCBBEC3}
		{BB19A1B8-6057-4D27-89A6-8998DD19AA1C} = {15CDEEE0-D30A-4649-B9B1-C1070032014F}
		{7859F3D8-1573-463F-8A6E-3DB14896A1A7} = {D0C9E9E8-51D5-482A-96F6-D15713E84341}
		{22EF5AE1-4994-4A1E-8734-3A848881879E} = {062B3019-D5DA-44F6-A231-25B24B274E26}
	EndGlobalSection
	GlobalSection(ExtensibilityGlobals) = postSolution
		SolutionGuid = {C0EACB98-70D8-4923-A372-17934B5C9E5B}
	EndGlobalSection
EndGlobal
