
Microsoft Visual Studio Solution File, Format Version 12.00
# Visual Studio Version 17
VisualStudioVersion = 17.2.32505.173
MinimumVisualStudioVersion = 10.0.40219.1
Project("{9A19103F-16F7-4668-BE54-9A1E7A4F7556}") = "AWS.Extensions.IntegrationTests", "test\AWS.Extensions.IntegrationTests\AWS.Extensions.IntegrationTests.csproj", "{D053D8C9-CAC8-4C1C-A72B-D6ED930878C9}"
EndProject
Project("{9A19103F-16F7-4668-BE54-9A1E7A4F7556}") = "AWS.CoreWCF.Extensions", "src\AWS.CoreWCF.Extensions\AWS.CoreWCF.Extensions.csproj", "{EC50B358-D8FC-45F9-9AAD-A87C4EF76A5A}"
EndProject
Project("{9A19103F-16F7-4668-BE54-9A1E7A4F7556}") = "AWS.WCF.Extensions", "src\AWS.WCF.Extensions\AWS.WCF.Extensions.csproj", "{16E6CB53-2515-4B8C-9134-49AF1F96346E}"
EndProject
Project("{9A19103F-16F7-4668-BE54-9A1E7A4F7556}") = "AWS.CoreWCF.Extensions.Tests", "test\AWS.CoreWCF.Extensions.Tests\AWS.CoreWCF.Extensions.Tests.csproj", "{6C31941A-4A56-4576-AB11-A8668F895B2A}"
EndProject
Project("{9A19103F-16F7-4668-BE54-9A1E7A4F7556}") = "AWS.CoreWCF.Extensions.Common", "src\AWS.CoreWCF.Extensions.Common\AWS.CoreWCF.Extensions.Common.csproj", "{1ACA3DDE-04B4-4AAA-9690-DE3935503B03}"
EndProject
Project("{2150E333-8FDC-42A3-9474-1A3956D46DE8}") = "src", "src", "{8D2100CE-759F-453D-BF00-3F13D1617815}"
EndProject
Project("{2150E333-8FDC-42A3-9474-1A3956D46DE8}") = "test", "test", "{062B3019-D5DA-44F6-A231-25B24B274E26}"
EndProject
Project("{2150E333-8FDC-42A3-9474-1A3956D46DE8}") = "cdk", "cdk", "{D0C9E9E8-51D5-482A-96F6-D15713E84341}"
	ProjectSection(SolutionItems) = preProject
		cdk.json = cdk.json
	EndProjectSection
EndProject
Project("{9A19103F-16F7-4668-BE54-9A1E7A4F7556}") = "AWS.CoreWCF.ServerExtensions.Cdk", "cdk\AWS.CoreWCF.ServerExtensions.Cdk.csproj", "{C9A4AA3C-821A-492B-82B8-28A4FE1F9C22}"
EndProject
Project("{2150E333-8FDC-42A3-9474-1A3956D46DE8}") = "Solution Items", "Solution Items", "{051AF7E5-D73B-466A-9FFE-9CA16DCBBEC3}"
EndProject
Global
	GlobalSection(SolutionConfigurationPlatforms) = preSolution
		Debug|Any CPU = Debug|Any CPU
		Release|Any CPU = Release|Any CPU
	EndGlobalSection
	GlobalSection(ProjectConfigurationPlatforms) = postSolution
		{D053D8C9-CAC8-4C1C-A72B-D6ED930878C9}.Debug|Any CPU.ActiveCfg = Debug|Any CPU
		{D053D8C9-CAC8-4C1C-A72B-D6ED930878C9}.Debug|Any CPU.Build.0 = Debug|Any CPU
		{D053D8C9-CAC8-4C1C-A72B-D6ED930878C9}.Release|Any CPU.ActiveCfg = Release|Any CPU
		{D053D8C9-CAC8-4C1C-A72B-D6ED930878C9}.Release|Any CPU.Build.0 = Release|Any CPU
		{EC50B358-D8FC-45F9-9AAD-A87C4EF76A5A}.Debug|Any CPU.ActiveCfg = Debug|Any CPU
		{EC50B358-D8FC-45F9-9AAD-A87C4EF76A5A}.Debug|Any CPU.Build.0 = Debug|Any CPU
		{EC50B358-D8FC-45F9-9AAD-A87C4EF76A5A}.Release|Any CPU.ActiveCfg = Release|Any CPU
		{EC50B358-D8FC-45F9-9AAD-A87C4EF76A5A}.Release|Any CPU.Build.0 = Release|Any CPU
		{16E6CB53-2515-4B8C-9134-49AF1F96346E}.Debug|Any CPU.ActiveCfg = Debug|Any CPU
		{16E6CB53-2515-4B8C-9134-49AF1F96346E}.Debug|Any CPU.Build.0 = Debug|Any CPU
		{16E6CB53-2515-4B8C-9134-49AF1F96346E}.Release|Any CPU.ActiveCfg = Release|Any CPU
		{16E6CB53-2515-4B8C-9134-49AF1F96346E}.Release|Any CPU.Build.0 = Release|Any CPU
		{6C31941A-4A56-4576-AB11-A8668F895B2A}.Debug|Any CPU.ActiveCfg = Debug|Any CPU
		{6C31941A-4A56-4576-AB11-A8668F895B2A}.Debug|Any CPU.Build.0 = Debug|Any CPU
		{6C31941A-4A56-4576-AB11-A8668F895B2A}.Release|Any CPU.ActiveCfg = Release|Any CPU
		{6C31941A-4A56-4576-AB11-A8668F895B2A}.Release|Any CPU.Build.0 = Release|Any CPU
		{1ACA3DDE-04B4-4AAA-9690-DE3935503B03}.Debug|Any CPU.ActiveCfg = Debug|Any CPU
		{1ACA3DDE-04B4-4AAA-9690-DE3935503B03}.Debug|Any CPU.Build.0 = Debug|Any CPU
		{1ACA3DDE-04B4-4AAA-9690-DE3935503B03}.Release|Any CPU.ActiveCfg = Release|Any CPU
		{1ACA3DDE-04B4-4AAA-9690-DE3935503B03}.Release|Any CPU.Build.0 = Release|Any CPU
		{C9A4AA3C-821A-492B-82B8-28A4FE1F9C22}.Debug|Any CPU.ActiveCfg = Debug|Any CPU
		{C9A4AA3C-821A-492B-82B8-28A4FE1F9C22}.Debug|Any CPU.Build.0 = Debug|Any CPU
		{C9A4AA3C-821A-492B-82B8-28A4FE1F9C22}.Release|Any CPU.ActiveCfg = Release|Any CPU
		{C9A4AA3C-821A-492B-82B8-28A4FE1F9C22}.Release|Any CPU.Build.0 = Release|Any CPU
	EndGlobalSection
	GlobalSection(SolutionProperties) = preSolution
		HideSolutionNode = FALSE
	EndGlobalSection
	GlobalSection(NestedProjects) = preSolution
		{D053D8C9-CAC8-4C1C-A72B-D6ED930878C9} = {062B3019-D5DA-44F6-A231-25B24B274E26}
		{EC50B358-D8FC-45F9-9AAD-A87C4EF76A5A} = {8D2100CE-759F-453D-BF00-3F13D1617815}
		{16E6CB53-2515-4B8C-9134-49AF1F96346E} = {8D2100CE-759F-453D-BF00-3F13D1617815}
		{6C31941A-4A56-4576-AB11-A8668F895B2A} = {062B3019-D5DA-44F6-A231-25B24B274E26}
		{1ACA3DDE-04B4-4AAA-9690-DE3935503B03} = {8D2100CE-759F-453D-BF00-3F13D1617815}
		{C9A4AA3C-821A-492B-82B8-28A4FE1F9C22} = {D0C9E9E8-51D5-482A-96F6-D15713E84341}
	EndGlobalSection
	GlobalSection(ExtensibilityGlobals) = postSolution
		SolutionGuid = {C0EACB98-70D8-4923-A372-17934B5C9E5B}
	EndGlobalSection
EndGlobal
